
Microsoft Visual Studio Solution File, Format Version 12.00
# Visual Studio Version 16
VisualStudioVersion = 16.0.30204.135
MinimumVisualStudioVersion = 10.0.40219.1
Project("{FAE04EC0-301F-11D3-BF4B-00C04F79EFBC}") = "Enigma", "Enigma\Enigma.csproj", "{D4A4AB7E-2C91-408F-8884-B85BB3815A3E}"
EndProject
Global
	GlobalSection(SolutionConfigurationPlatforms) = preSolution
		Debug|Any CPU = Debug|Any CPU
		Release|Any CPU = Release|Any CPU
	EndGlobalSection
	GlobalSection(ProjectConfigurationPlatforms) = postSolution
		{D4A4AB7E-2C91-408F-8884-B85BB3815A3E}.Debug|Any CPU.ActiveCfg = Debug|Any CPU
		{D4A4AB7E-2C91-408F-8884-B85BB3815A3E}.Debug|Any CPU.Build.0 = Debug|Any CPU
		{D4A4AB7E-2C91-408F-8884-B85BB3815A3E}.Release|Any CPU.ActiveCfg = Release|Any CPU
		{D4A4AB7E-2C91-408F-8884-B85BB3815A3E}.Release|Any CPU.Build.0 = Release|Any CPU
	EndGlobalSection
	GlobalSection(SolutionProperties) = preSolution
		HideSolutionNode = FALSE
	EndGlobalSection
	GlobalSection(ExtensibilityGlobals) = postSolution
		SolutionGuid = {DA51831C-05D7-4DBC-B4BB-5B2BCBF9A344}
	EndGlobalSection
EndGlobal
